
Microsoft Visual Studio Solution File, Format Version 12.00
# Visual Studio Version 16
VisualStudioVersion = 16.0.29102.190
MinimumVisualStudioVersion = 10.0.40219.1
Project("{FAE04EC0-301F-11D3-BF4B-00C04F79EFBC}") = "SalesWebMvc", "SalesWebMvc\SalesWebMvc.csproj", "{AC8B0EC3-EFFF-4D11-9F5D-E872EAA5A7DC}"
EndProject
Global
	GlobalSection(SolutionConfigurationPlatforms) = preSolution
		Debug|Any CPU = Debug|Any CPU
		Release|Any CPU = Release|Any CPU
	EndGlobalSection
	GlobalSection(ProjectConfigurationPlatforms) = postSolution
		{AC8B0EC3-EFFF-4D11-9F5D-E872EAA5A7DC}.Debug|Any CPU.ActiveCfg = Debug|Any CPU
		{AC8B0EC3-EFFF-4D11-9F5D-E872EAA5A7DC}.Debug|Any CPU.Build.0 = Debug|Any CPU
		{AC8B0EC3-EFFF-4D11-9F5D-E872EAA5A7DC}.Release|Any CPU.ActiveCfg = Release|Any CPU
		{AC8B0EC3-EFFF-4D11-9F5D-E872EAA5A7DC}.Release|Any CPU.Build.0 = Release|Any CPU
	EndGlobalSection
	GlobalSection(SolutionProperties) = preSolution
		HideSolutionNode = FALSE
	EndGlobalSection
	GlobalSection(ExtensibilityGlobals) = postSolution
		SolutionGuid = {2F9D1187-1C60-4123-8992-0CCAA941D955}
	EndGlobalSection
EndGlobal
